
Microsoft Visual Studio Solution File, Format Version 12.00
# Visual Studio Version 17
VisualStudioVersion = 17.0.31903.59
MinimumVisualStudioVersion = 10.0.40219.1
Project("{2150E333-8FDC-42A3-9474-1A3956D46DE8}") = "src", "src", "{827E0CD3-B72D-47B6-A68D-7590B98EB39B}"
EndProject
Project("{FAE04EC0-301F-11D3-BF4B-00C04F79EFBC}") = "Api", "src\Api\Api.csproj", "{19A4CBB0-4235-4E76-961D-60D83581B778}"
EndProject
Project("{FAE04EC0-301F-11D3-BF4B-00C04F79EFBC}") = "Application", "src\Application\Application.csproj", "{9E91E4D2-5E6D-42E8-8132-7BD0D0AC8399}"
EndProject
Project("{FAE04EC0-301F-11D3-BF4B-00C04F79EFBC}") = "Domain", "src\Domain\Domain.csproj", "{443B0434-5E3A-46FA-A64B-1B1FEB71104A}"
EndProject
Project("{FAE04EC0-301F-11D3-BF4B-00C04F79EFBC}") = "Infrastructure", "src\Infrastructure\Infrastructure.csproj", "{439D55CC-D4D5-4A30-8283-E02B991F9C80}"
EndProject
Global
	GlobalSection(SolutionConfigurationPlatforms) = preSolution
		Debug|Any CPU = Debug|Any CPU
		Debug|x64 = Debug|x64
		Debug|x86 = Debug|x86
		Release|Any CPU = Release|Any CPU
		Release|x64 = Release|x64
		Release|x86 = Release|x86
	EndGlobalSection
	GlobalSection(ProjectConfigurationPlatforms) = postSolution
		{19A4CBB0-4235-4E76-961D-60D83581B778}.Debug|Any CPU.ActiveCfg = Debug|Any CPU
		{19A4CBB0-4235-4E76-961D-60D83581B778}.Debug|Any CPU.Build.0 = Debug|Any CPU
		{19A4CBB0-4235-4E76-961D-60D83581B778}.Debug|x64.ActiveCfg = Debug|Any CPU
		{19A4CBB0-4235-4E76-961D-60D83581B778}.Debug|x64.Build.0 = Debug|Any CPU
		{19A4CBB0-4235-4E76-961D-60D83581B778}.Debug|x86.ActiveCfg = Debug|Any CPU
		{19A4CBB0-4235-4E76-961D-60D83581B778}.Debug|x86.Build.0 = Debug|Any CPU
		{19A4CBB0-4235-4E76-961D-60D83581B778}.Release|Any CPU.ActiveCfg = Release|Any CPU
		{19A4CBB0-4235-4E76-961D-60D83581B778}.Release|Any CPU.Build.0 = Release|Any CPU
		{19A4CBB0-4235-4E76-961D-60D83581B778}.Release|x64.ActiveCfg = Release|Any CPU
		{19A4CBB0-4235-4E76-961D-60D83581B778}.Release|x64.Build.0 = Release|Any CPU
		{19A4CBB0-4235-4E76-961D-60D83581B778}.Release|x86.ActiveCfg = Release|Any CPU
		{19A4CBB0-4235-4E76-961D-60D83581B778}.Release|x86.Build.0 = Release|Any CPU
		{9E91E4D2-5E6D-42E8-8132-7BD0D0AC8399}.Debug|Any CPU.ActiveCfg = Debug|Any CPU
		{9E91E4D2-5E6D-42E8-8132-7BD0D0AC8399}.Debug|Any CPU.Build.0 = Debug|Any CPU
		{9E91E4D2-5E6D-42E8-8132-7BD0D0AC8399}.Debug|x64.ActiveCfg = Debug|Any CPU
		{9E91E4D2-5E6D-42E8-8132-7BD0D0AC8399}.Debug|x64.Build.0 = Debug|Any CPU
		{9E91E4D2-5E6D-42E8-8132-7BD0D0AC8399}.Debug|x86.ActiveCfg = Debug|Any CPU
		{9E91E4D2-5E6D-42E8-8132-7BD0D0AC8399}.Debug|x86.Build.0 = Debug|Any CPU
		{9E91E4D2-5E6D-42E8-8132-7BD0D0AC8399}.Release|Any CPU.ActiveCfg = Release|Any CPU
		{9E91E4D2-5E6D-42E8-8132-7BD0D0AC8399}.Release|Any CPU.Build.0 = Release|Any CPU
		{9E91E4D2-5E6D-42E8-8132-7BD0D0AC8399}.Release|x64.ActiveCfg = Release|Any CPU
		{9E91E4D2-5E6D-42E8-8132-7BD0D0AC8399}.Release|x64.Build.0 = Release|Any CPU
		{9E91E4D2-5E6D-42E8-8132-7BD0D0AC8399}.Release|x86.ActiveCfg = Release|Any CPU
		{9E91E4D2-5E6D-42E8-8132-7BD0D0AC8399}.Release|x86.Build.0 = Release|Any CPU
		{443B0434-5E3A-46FA-A64B-1B1FEB71104A}.Debug|Any CPU.ActiveCfg = Debug|Any CPU
		{443B0434-5E3A-46FA-A64B-1B1FEB71104A}.Debug|Any CPU.Build.0 = Debug|Any CPU
		{443B0434-5E3A-46FA-A64B-1B1FEB71104A}.Debug|x64.ActiveCfg = Debug|Any CPU
		{443B0434-5E3A-46FA-A64B-1B1FEB71104A}.Debug|x64.Build.0 = Debug|Any CPU
		{443B0434-5E3A-46FA-A64B-1B1FEB71104A}.Debug|x86.ActiveCfg = Debug|Any CPU
		{443B0434-5E3A-46FA-A64B-1B1FEB71104A}.Debug|x86.Build.0 = Debug|Any CPU
		{443B0434-5E3A-46FA-A64B-1B1FEB71104A}.Release|Any CPU.ActiveCfg = Release|Any CPU
		{443B0434-5E3A-46FA-A64B-1B1FEB71104A}.Release|Any CPU.Build.0 = Release|Any CPU
		{443B0434-5E3A-46FA-A64B-1B1FEB71104A}.Release|x64.ActiveCfg = Release|Any CPU
		{443B0434-5E3A-46FA-A64B-1B1FEB71104A}.Release|x64.Build.0 = Release|Any CPU
		{443B0434-5E3A-46FA-A64B-1B1FEB71104A}.Release|x86.ActiveCfg = Release|Any CPU
		{443B0434-5E3A-46FA-A64B-1B1FEB71104A}.Release|x86.Build.0 = Release|Any CPU
		{439D55CC-D4D5-4A30-8283-E02B991F9C80}.Debug|Any CPU.ActiveCfg = Debug|Any CPU
		{439D55CC-D4D5-4A30-8283-E02B991F9C80}.Debug|Any CPU.Build.0 = Debug|Any CPU
		{439D55CC-D4D5-4A30-8283-E02B991F9C80}.Debug|x64.ActiveCfg = Debug|Any CPU
		{439D55CC-D4D5-4A30-8283-E02B991F9C80}.Debug|x64.Build.0 = Debug|Any CPU
		{439D55CC-D4D5-4A30-8283-E02B991F9C80}.Debug|x86.ActiveCfg = Debug|Any CPU
		{439D55CC-D4D5-4A30-8283-E02B991F9C80}.Debug|x86.Build.0 = Debug|Any CPU
		{439D55CC-D4D5-4A30-8283-E02B991F9C80}.Release|Any CPU.ActiveCfg = Release|Any CPU
		{439D55CC-D4D5-4A30-8283-E02B991F9C80}.Release|Any CPU.Build.0 = Release|Any CPU
		{439D55CC-D4D5-4A30-8283-E02B991F9C80}.Release|x64.ActiveCfg = Release|Any CPU
		{439D55CC-D4D5-4A30-8283-E02B991F9C80}.Release|x64.Build.0 = Release|Any CPU
		{439D55CC-D4D5-4A30-8283-E02B991F9C80}.Release|x86.ActiveCfg = Release|Any CPU
		{439D55CC-D4D5-4A30-8283-E02B991F9C80}.Release|x86.Build.0 = Release|Any CPU
	EndGlobalSection
	GlobalSection(SolutionProperties) = preSolution
		HideSolutionNode = FALSE
	EndGlobalSection
	GlobalSection(NestedProjects) = preSolution
		{19A4CBB0-4235-4E76-961D-60D83581B778} = {827E0CD3-B72D-47B6-A68D-7590B98EB39B}
		{9E91E4D2-5E6D-42E8-8132-7BD0D0AC8399} = {827E0CD3-B72D-47B6-A68D-7590B98EB39B}
		{443B0434-5E3A-46FA-A64B-1B1FEB71104A} = {827E0CD3-B72D-47B6-A68D-7590B98EB39B}
		{439D55CC-D4D5-4A30-8283-E02B991F9C80} = {827E0CD3-B72D-47B6-A68D-7590B98EB39B}
	EndGlobalSection
EndGlobal
